<?xml version="1.0" encoding="utf-8"?>
<Project ToolsVersion="4.0" xmlns="http://schemas.microsoft.com/developer/msbuild/2003">
  <ItemGroup>
    <Filter Include="Main">
      <UniqueIdentifier>{bbfa52e6-dc68-48bc-bb3d-a6d51c8d3df1}</UniqueIdentifier>
    </Filter>
    <Filter Include="Kernel">
      <UniqueIdentifier>{0f3f3ff2-3025-44f3-a39f-d0f0090c7aec}</UniqueIdentifier>
    </Filter>
    <Filter Include="LuaAPI">
      <UniqueIdentifier>{997cb51e-58e7-4360-b222-f38de64c23ae}</UniqueIdentifier>
    </Filter>
  </ItemGroup>
  <ItemGroup>
    <ClCompile Include="Main.cpp">
      <Filter>Main</Filter>
    </ClCompile>
    <ClCompile Include="WebServer.cpp">
      <Filter>Kernel</Filter>
    </ClCompile>
    <ClCompile Include="..\Common\CommonAPI.cpp">
      <Filter>LuaAPI</Filter>
    </ClCompile>
    <ClCompile Include="WebServerAPI.cpp">
      <Filter>LuaAPI</Filter>
    </ClCompile>
  </ItemGroup>
  <ItemGroup>
    <ClInclude Include="WebServer.h">
      <Filter>Kernel</Filter>
    </ClInclude>
    <ClInclude Include="..\ExportDefine\ExportStruct.h">
      <Filter>LuaAPI</Filter>
    </ClInclude>
    <ClInclude Include="..\Common\CommonAPI.h">
      <Filter>LuaAPI</Filter>
    </ClInclude>
    <ClInclude Include="WebServerAPI.h">
      <Filter>LuaAPI</Filter>
    </ClInclude>
  </ItemGroup>
</Project>