
Microsoft Visual Studio Solution File, Format Version 12.00
# Visual Studio 15
VisualStudioVersion = 15.0.27130.2024
MinimumVisualStudioVersion = 10.0.40219.1
Project("{8BC9CEB8-8B4A-11D0-8D11-00A0C91BC942}") = "Base", "Base\Base.vcxproj", "{F39D6908-E8C9-420B-A08D-30F4B3E180EE}"
EndProject
Global
	GlobalSection(SolutionConfigurationPlatforms) = preSolution
		Debug|ARM = Debug|ARM
		Debug|x64 = Debug|x64
		Debug|x86 = Debug|x86
		Release|ARM = Release|ARM
		Release|x64 = Release|x64
		Release|x86 = Release|x86
	EndGlobalSection
	GlobalSection(ProjectConfigurationPlatforms) = postSolution
		{F39D6908-E8C9-420B-A08D-30F4B3E180EE}.Debug|ARM.ActiveCfg = Debug|Win32
		{F39D6908-E8C9-420B-A08D-30F4B3E180EE}.Debug|x64.ActiveCfg = Debug|x64
		{F39D6908-E8C9-420B-A08D-30F4B3E180EE}.Debug|x64.Build.0 = Debug|x64
		{F39D6908-E8C9-420B-A08D-30F4B3E180EE}.Debug|x86.ActiveCfg = Debug|Win32
		{F39D6908-E8C9-420B-A08D-30F4B3E180EE}.Debug|x86.Build.0 = Debug|Win32
		{F39D6908-E8C9-420B-A08D-30F4B3E180EE}.Release|ARM.ActiveCfg = Release|Win32
		{F39D6908-E8C9-420B-A08D-30F4B3E180EE}.Release|x64.ActiveCfg = Release|x64
		{F39D6908-E8C9-420B-A08D-30F4B3E180EE}.Release|x64.Build.0 = Release|x64
		{F39D6908-E8C9-420B-A08D-30F4B3E180EE}.Release|x86.ActiveCfg = Release|Win32
		{F39D6908-E8C9-420B-A08D-30F4B3E180EE}.Release|x86.Build.0 = Release|Win32
	EndGlobalSection
	GlobalSection(SolutionProperties) = preSolution
		HideSolutionNode = FALSE
	EndGlobalSection
	GlobalSection(ExtensibilityGlobals) = postSolution
		SolutionGuid = {EEADF55D-CE25-467D-B18E-5635A4DFA327}
	EndGlobalSection
EndGlobal
