<?xml version="1.0" encoding="utf-8"?>
<Project ToolsVersion="4.0" xmlns="http://schemas.microsoft.com/developer/msbuild/2003">
  <ItemGroup>
    <Filter Include="Common">
      <UniqueIdentifier>{02205eec-5e90-4423-bc23-85c3c14b51d7}</UniqueIdentifier>
    </Filter>
    <Filter Include="LuaEngine">
      <UniqueIdentifier>{110395d6-6802-4a08-b5ff-4f9d03104441}</UniqueIdentifier>
    </Filter>
    <Filter Include="Web">
      <UniqueIdentifier>{bbcf0b5f-ffed-4b24-a40a-fb8bfbdefa1f}</UniqueIdentifier>
    </Filter>
  </ItemGroup>
  <ItemGroup>
    <ClCompile Include="Src\Common\TimeManager.cpp">
      <Filter>Common</Filter>
    </ClCompile>
    <ClCompile Include="Src\Common\Log.cpp">
      <Filter>Common</Filter>
    </ClCompile>
    <ClCompile Include="Src\Common\IThread.cpp">
      <Filter>Common</Filter>
    </ClCompile>
    <ClCompile Include="Src\LuaEngine\LuaEngine.cpp">
      <Filter>LuaEngine</Filter>
    </ClCompile>
    <ClCompile Include="Src\Common\Lock.cpp">
      <Filter>Common</Filter>
    </ClCompile>
  </ItemGroup>
  <ItemGroup>
    <ClInclude Include="Include\Common\TimeManager.h">
      <Filter>Common</Filter>
    </ClInclude>
    <ClInclude Include="Include\Common\Log.h">
      <Filter>Common</Filter>
    </ClInclude>
    <ClInclude Include="Include\Common\IThread.h">
      <Filter>Common</Filter>
    </ClInclude>
    <ClInclude Include="Include\LuaEngine\LuaEngine.h">
      <Filter>LuaEngine</Filter>
    </ClInclude>
    <ClInclude Include="Include\Common\Singleton.hpp">
      <Filter>Common</Filter>
    </ClInclude>
    <ClInclude Include="Include\Common\Lock.h">
      <Filter>Common</Filter>
    </ClInclude>
  </ItemGroup>
</Project>